{
    "name": "num2let",
    "version": "1.0.0",
    "lockfileVersion": 3,
    "requires": true,
    "packages": {
        "": {
            "name": "num2let",
            "version": "1.0.0",
            "license": "MIT",
            "dependencies": {
                "num2let": "^1.0.0"
            }
        },
        "node_modules/num2let": {
            "version": "1.0.0",
            "resolved": "https://registry.npmjs.org/num2let/-/num2let-1.0.0.tgz",
            "integrity": "sha512-TOY4H3Yv5H9Fx2u37L8KNMb9IjDlZXqbHPZ8FW9cShCkhDXMUy9IclLzKoYZ6RgQS67+VsTsPyiHRjN8BrrQAQ=="
        }
    }
}
